// !$*UTF8*$!
{
	archiveVersion = 1;
	classes = {
	};
	objectVersion = 55;
	objects = {

/* Begin PBXBuildFile section */
		959CED4D573EA38AA2BD4BEA /* libPods-WeatherGift.a in Frameworks */ = {isa = PBXBuildFile; fileRef = 8C17AD05A250791A2FAA4C1A /* libPods-WeatherGift.a */; };
		D421B1FD2715F61D00290C74 /* AppDelegate.swift in Sources */ = {isa = PBXBuildFile; fileRef = D421B1FC2715F61D00290C74 /* AppDelegate.swift */; };
		D421B1FF2715F61D00290C74 /* SceneDelegate.swift in Sources */ = {isa = PBXBuildFile; fileRef = D421B1FE2715F61D00290C74 /* SceneDelegate.swift */; };
		D421B2012715F61D00290C74 /* LocationListViewController.swift in Sources */ = {isa = PBXBuildFile; fileRef = D421B2002715F61D00290C74 /* LocationListViewController.swift */; };
		D421B2042715F61D00290C74 /* Main.storyboard in Resources */ = {isa = PBXBuildFile; fileRef = D421B2022715F61D00290C74 /* Main.storyboard */; };
		D421B2062715F61E00290C74 /* Assets.xcassets in Resources */ = {isa = PBXBuildFile; fileRef = D421B2052715F61E00290C74 /* Assets.xcassets */; };
		D421B2092715F61E00290C74 /* LaunchScreen.storyboard in Resources */ = {isa = PBXBuildFile; fileRef = D421B2072715F61E00290C74 /* LaunchScreen.storyboard */; };
		D421B2142715F61F00290C74 /* WeatherGiftTests.swift in Sources */ = {isa = PBXBuildFile; fileRef = D421B2132715F61F00290C74 /* WeatherGiftTests.swift */; };
		D421B21E2715F61F00290C74 /* WeatherGiftUITests.swift in Sources */ = {isa = PBXBuildFile; fileRef = D421B21D2715F61F00290C74 /* WeatherGiftUITests.swift */; };
		D421B2202715F61F00290C74 /* WeatherGiftUITestsLaunchTests.swift in Sources */ = {isa = PBXBuildFile; fileRef = D421B21F2715F61F00290C74 /* WeatherGiftUITestsLaunchTests.swift */; };
		D421B22D2715F63500290C74 /* WeatherLocation.swift in Sources */ = {isa = PBXBuildFile; fileRef = D421B22C2715F63500290C74 /* WeatherLocation.swift */; };
		D43EAF3E272645C60030B7F9 /* WeatherDetail.swift in Sources */ = {isa = PBXBuildFile; fileRef = D43EAF3D272645C60030B7F9 /* WeatherDetail.swift */; };
		D483DD192715FEE70075AD55 /* APIkeys.swift in Sources */ = {isa = PBXBuildFile; fileRef = D483DD182715FEE70075AD55 /* APIkeys.swift */; };
		D4AFCFC8271604CF00C476FC /* LocationDetailViewController.swift in Sources */ = {isa = PBXBuildFile; fileRef = D4AFCFC7271604CF00C476FC /* LocationDetailViewController.swift */; };
		D4AFCFCA271611B800C476FC /* PageViewController.swift in Sources */ = {isa = PBXBuildFile; fileRef = D4AFCFC9271611B800C476FC /* PageViewController.swift */; };
/* End PBXBuildFile section */

/* Begin PBXContainerItemProxy section */
		D421B2102715F61F00290C74 /* PBXContainerItemProxy */ = {
			isa = PBXContainerItemProxy;
			containerPortal = D421B1F12715F61D00290C74 /* Project object */;
			proxyType = 1;
			remoteGlobalIDString = D421B1F82715F61D00290C74;
			remoteInfo = WeatherGift;
		};
		D421B21A2715F61F00290C74 /* PBXContainerItemProxy */ = {
			isa = PBXContainerItemProxy;
			containerPortal = D421B1F12715F61D00290C74 /* Project object */;
			proxyType = 1;
			remoteGlobalIDString = D421B1F82715F61D00290C74;
			remoteInfo = WeatherGift;
		};
/* End PBXContainerItemProxy section */

/* Begin PBXFileReference section */
		78C44CF93707CF4B9FBA59B0 /* Pods-WeatherGift.release.xcconfig */ = {isa = PBXFileReference; includeInIndex = 1; lastKnownFileType = text.xcconfig; name = "Pods-WeatherGift.release.xcconfig"; path = "Target Support Files/Pods-WeatherGift/Pods-WeatherGift.release.xcconfig"; sourceTree = "<group>"; };
		8C17AD05A250791A2FAA4C1A /* libPods-WeatherGift.a */ = {isa = PBXFileReference; explicitFileType = archive.ar; includeInIndex = 0; path = "libPods-WeatherGift.a"; sourceTree = BUILT_PRODUCTS_DIR; };
		D421B1F92715F61D00290C74 /* WeatherGift.app */ = {isa = PBXFileReference; explicitFileType = wrapper.application; includeInIndex = 0; path = WeatherGift.app; sourceTree = BUILT_PRODUCTS_DIR; };
		D421B1FC2715F61D00290C74 /* AppDelegate.swift */ = {isa = PBXFileReference; lastKnownFileType = sourcecode.swift; path = AppDelegate.swift; sourceTree = "<group>"; };
		D421B1FE2715F61D00290C74 /* SceneDelegate.swift */ = {isa = PBXFileReference; lastKnownFileType = sourcecode.swift; path = SceneDelegate.swift; sourceTree = "<group>"; };
		D421B2002715F61D00290C74 /* LocationListViewController.swift */ = {isa = PBXFileReference; lastKnownFileType = sourcecode.swift; path = LocationListViewController.swift; sourceTree = "<group>"; };
		D421B2032715F61D00290C74 /* Base */ = {isa = PBXFileReference; lastKnownFileType = file.storyboard; name = Base; path = Base.lproj/Main.storyboard; sourceTree = "<group>"; };
		D421B2052715F61E00290C74 /* Assets.xcassets */ = {isa = PBXFileReference; lastKnownFileType = folder.assetcatalog; path = Assets.xcassets; sourceTree = "<group>"; };
		D421B2082715F61E00290C74 /* Base */ = {isa = PBXFileReference; lastKnownFileType = file.storyboard; name = Base; path = Base.lproj/LaunchScreen.storyboard; sourceTree = "<group>"; };
		D421B20A2715F61E00290C74 /* Info.plist */ = {isa = PBXFileReference; lastKnownFileType = text.plist.xml; path = Info.plist; sourceTree = "<group>"; };
		D421B20F2715F61F00290C74 /* WeatherGiftTests.xctest */ = {isa = PBXFileReference; explicitFileType = wrapper.cfbundle; includeInIndex = 0; path = WeatherGiftTests.xctest; sourceTree = BUILT_PRODUCTS_DIR; };
		D421B2132715F61F00290C74 /* WeatherGiftTests.swift */ = {isa = PBXFileReference; lastKnownFileType = sourcecode.swift; path = WeatherGiftTests.swift; sourceTree = "<group>"; };
		D421B2192715F61F00290C74 /* WeatherGiftUITests.xctest */ = {isa = PBXFileReference; explicitFileType = wrapper.cfbundle; includeInIndex = 0; path = WeatherGiftUITests.xctest; sourceTree = BUILT_PRODUCTS_DIR; };
		D421B21D2715F61F00290C74 /* WeatherGiftUITests.swift */ = {isa = PBXFileReference; lastKnownFileType = sourcecode.swift; path = WeatherGiftUITests.swift; sourceTree = "<group>"; };
		D421B21F2715F61F00290C74 /* WeatherGiftUITestsLaunchTests.swift */ = {isa = PBXFileReference; lastKnownFileType = sourcecode.swift; path = WeatherGiftUITestsLaunchTests.swift; sourceTree = "<group>"; };
		D421B22C2715F63500290C74 /* WeatherLocation.swift */ = {isa = PBXFileReference; lastKnownFileType = sourcecode.swift; path = WeatherLocation.swift; sourceTree = "<group>"; };
		D43EAF3D272645C60030B7F9 /* WeatherDetail.swift */ = {isa = PBXFileReference; lastKnownFileType = sourcecode.swift; path = WeatherDetail.swift; sourceTree = "<group>"; };
		D483DD182715FEE70075AD55 /* APIkeys.swift */ = {isa = PBXFileReference; lastKnownFileType = sourcecode.swift; path = APIkeys.swift; sourceTree = "<group>"; };
		D4AFCFC7271604CF00C476FC /* LocationDetailViewController.swift */ = {isa = PBXFileReference; lastKnownFileType = sourcecode.swift; path = LocationDetailViewController.swift; sourceTree = "<group>"; };
		D4AFCFC9271611B800C476FC /* PageViewController.swift */ = {isa = PBXFileReference; lastKnownFileType = sourcecode.swift; path = PageViewController.swift; sourceTree = "<group>"; };
		EBDAE69BF1391DFE4B2A860D /* Pods-WeatherGift.debug.xcconfig */ = {isa = PBXFileReference; includeInIndex = 1; lastKnownFileType = text.xcconfig; name = "Pods-WeatherGift.debug.xcconfig"; path = "Target Support Files/Pods-WeatherGift/Pods-WeatherGift.debug.xcconfig"; sourceTree = "<group>"; };
/* End PBXFileReference section */

/* Begin PBXFrameworksBuildPhase section */
		D421B1F62715F61D00290C74 /* Frameworks */ = {
			isa = PBXFrameworksBuildPhase;
			buildActionMask = 2147483647;
			files = (
				959CED4D573EA38AA2BD4BEA /* libPods-WeatherGift.a in Frameworks */,
			);
			runOnlyForDeploymentPostprocessing = 0;
		};
		D421B20C2715F61F00290C74 /* Frameworks */ = {
			isa = PBXFrameworksBuildPhase;
			buildActionMask = 2147483647;
			files = (
			);
			runOnlyForDeploymentPostprocessing = 0;
		};
		D421B2162715F61F00290C74 /* Frameworks */ = {
			isa = PBXFrameworksBuildPhase;
			buildActionMask = 2147483647;
			files = (
			);
			runOnlyForDeploymentPostprocessing = 0;
		};
/* End PBXFrameworksBuildPhase section */

/* Begin PBXGroup section */
		3E85BE089BFA9C02C683F94B /* Pods */ = {
			isa = PBXGroup;
			children = (
				EBDAE69BF1391DFE4B2A860D /* Pods-WeatherGift.debug.xcconfig */,
				78C44CF93707CF4B9FBA59B0 /* Pods-WeatherGift.release.xcconfig */,
			);
			path = Pods;
			sourceTree = "<group>";
		};
		BCBF7CCAC0881939E7D3CFAC /* Frameworks */ = {
			isa = PBXGroup;
			children = (
				8C17AD05A250791A2FAA4C1A /* libPods-WeatherGift.a */,
			);
			name = Frameworks;
			sourceTree = "<group>";
		};
		D421B1F02715F61D00290C74 = {
			isa = PBXGroup;
			children = (
				D421B1FB2715F61D00290C74 /* WeatherGift */,
				D421B2122715F61F00290C74 /* WeatherGiftTests */,
				D421B21C2715F61F00290C74 /* WeatherGiftUITests */,
				D421B1FA2715F61D00290C74 /* Products */,
				3E85BE089BFA9C02C683F94B /* Pods */,
				BCBF7CCAC0881939E7D3CFAC /* Frameworks */,
			);
			sourceTree = "<group>";
		};
		D421B1FA2715F61D00290C74 /* Products */ = {
			isa = PBXGroup;
			children = (
				D421B1F92715F61D00290C74 /* WeatherGift.app */,
				D421B20F2715F61F00290C74 /* WeatherGiftTests.xctest */,
				D421B2192715F61F00290C74 /* WeatherGiftUITests.xctest */,
			);
			name = Products;
			sourceTree = "<group>";
		};
		D421B1FB2715F61D00290C74 /* WeatherGift */ = {
			isa = PBXGroup;
			children = (
				D421B1FC2715F61D00290C74 /* AppDelegate.swift */,
				D421B1FE2715F61D00290C74 /* SceneDelegate.swift */,
				D421B22C2715F63500290C74 /* WeatherLocation.swift */,
				D43EAF3D272645C60030B7F9 /* WeatherDetail.swift */,
				D4AFCFC9271611B800C476FC /* PageViewController.swift */,
				D4AFCFC7271604CF00C476FC /* LocationDetailViewController.swift */,
				D421B2002715F61D00290C74 /* LocationListViewController.swift */,
				D421B2022715F61D00290C74 /* Main.storyboard */,
				D421B2052715F61E00290C74 /* Assets.xcassets */,
				D421B2072715F61E00290C74 /* LaunchScreen.storyboard */,
				D421B20A2715F61E00290C74 /* Info.plist */,
				D483DD182715FEE70075AD55 /* APIkeys.swift */,
			);
			path = WeatherGift;
			sourceTree = "<group>";
		};
		D421B2122715F61F00290C74 /* WeatherGiftTests */ = {
			isa = PBXGroup;
			children = (
				D421B2132715F61F00290C74 /* WeatherGiftTests.swift */,
			);
			path = WeatherGiftTests;
			sourceTree = "<group>";
		};
		D421B21C2715F61F00290C74 /* WeatherGiftUITests */ = {
			isa = PBXGroup;
			children = (
				D421B21D2715F61F00290C74 /* WeatherGiftUITests.swift */,
				D421B21F2715F61F00290C74 /* WeatherGiftUITestsLaunchTests.swift */,
			);
			path = WeatherGiftUITests;
			sourceTree = "<group>";
		};
/* End PBXGroup section */

/* Begin PBXNativeTarget section */
		D421B1F82715F61D00290C74 /* WeatherGift */ = {
			isa = PBXNativeTarget;
			buildConfigurationList = D421B2232715F61F00290C74 /* Build configuration list for PBXNativeTarget "WeatherGift" */;
			buildPhases = (
				09899350E81AE2B4E8209BF2 /* [CP] Check Pods Manifest.lock */,
				D421B1F52715F61D00290C74 /* Sources */,
				D421B1F62715F61D00290C74 /* Frameworks */,
				D421B1F72715F61D00290C74 /* Resources */,
				E7401A7686261A5A387D25F0 /* [CP] Copy Pods Resources */,
			);
			buildRules = (
			);
			dependencies = (
			);
			name = WeatherGift;
			productName = WeatherGift;
			productReference = D421B1F92715F61D00290C74 /* WeatherGift.app */;
			productType = "com.apple.product-type.application";
		};
		D421B20E2715F61F00290C74 /* WeatherGiftTests */ = {
			isa = PBXNativeTarget;
			buildConfigurationList = D421B2262715F61F00290C74 /* Build configuration list for PBXNativeTarget "WeatherGiftTests" */;
			buildPhases = (
				D421B20B2715F61F00290C74 /* Sources */,
				D421B20C2715F61F00290C74 /* Frameworks */,
				D421B20D2715F61F00290C74 /* Resources */,
			);
			buildRules = (
			);
			dependencies = (
				D421B2112715F61F00290C74 /* PBXTargetDependency */,
			);
			name = WeatherGiftTests;
			productName = WeatherGiftTests;
			productReference = D421B20F2715F61F00290C74 /* WeatherGiftTests.xctest */;
			productType = "com.apple.product-type.bundle.unit-test";
		};
		D421B2182715F61F00290C74 /* WeatherGiftUITests */ = {
			isa = PBXNativeTarget;
			buildConfigurationList = D421B2292715F61F00290C74 /* Build configuration list for PBXNativeTarget "WeatherGiftUITests" */;
			buildPhases = (
				D421B2152715F61F00290C74 /* Sources */,
				D421B2162715F61F00290C74 /* Frameworks */,
				D421B2172715F61F00290C74 /* Resources */,
			);
			buildRules = (
			);
			dependencies = (
				D421B21B2715F61F00290C74 /* PBXTargetDependency */,
			);
			name = WeatherGiftUITests;
			productName = WeatherGiftUITests;
			productReference = D421B2192715F61F00290C74 /* WeatherGiftUITests.xctest */;
			productType = "com.apple.product-type.bundle.ui-testing";
		};
/* End PBXNativeTarget section */

/* Begin PBXProject section */
		D421B1F12715F61D00290C74 /* Project object */ = {
			isa = PBXProject;
			attributes = {
				BuildIndependentTargetsInParallel = 1;
				LastSwiftUpdateCheck = 1300;
				LastUpgradeCheck = 1300;
				TargetAttributes = {
					D421B1F82715F61D00290C74 = {
						CreatedOnToolsVersion = 13.0;
					};
					D421B20E2715F61F00290C74 = {
						CreatedOnToolsVersion = 13.0;
						TestTargetID = D421B1F82715F61D00290C74;
					};
					D421B2182715F61F00290C74 = {
						CreatedOnToolsVersion = 13.0;
						TestTargetID = D421B1F82715F61D00290C74;
					};
				};
			};
			buildConfigurationList = D421B1F42715F61D00290C74 /* Build configuration list for PBXProject "WeatherGift" */;
			compatibilityVersion = "Xcode 13.0";
			developmentRegion = en;
			hasScannedForEncodings = 0;
			knownRegions = (
				en,
				Base,
			);
			mainGroup = D421B1F02715F61D00290C74;
			productRefGroup = D421B1FA2715F61D00290C74 /* Products */;
			projectDirPath = "";
			projectRoot = "";
			targets = (
				D421B1F82715F61D00290C74 /* WeatherGift */,
				D421B20E2715F61F00290C74 /* WeatherGiftTests */,
				D421B2182715F61F00290C74 /* WeatherGiftUITests */,
			);
		};
/* End PBXProject section */

/* Begin PBXResourcesBuildPhase section */
		D421B1F72715F61D00290C74 /* Resources */ = {
			isa = PBXResourcesBuildPhase;
			buildActionMask = 2147483647;
			files = (
				D421B2092715F61E00290C74 /* LaunchScreen.storyboard in Resources */,
				D421B2062715F61E00290C74 /* Assets.xcassets in Resources */,
				D421B2042715F61D00290C74 /* Main.storyboard in Resources */,
			);
			runOnlyForDeploymentPostprocessing = 0;
		};
		D421B20D2715F61F00290C74 /* Resources */ = {
			isa = PBXResourcesBuildPhase;
			buildActionMask = 2147483647;
			files = (
			);
			runOnlyForDeploymentPostprocessing = 0;
		};
		D421B2172715F61F00290C74 /* Resources */ = {
			isa = PBXResourcesBuildPhase;
			buildActionMask = 2147483647;
			files = (
			);
			runOnlyForDeploymentPostprocessing = 0;
		};
/* End PBXResourcesBuildPhase section */

/* Begin PBXShellScriptBuildPhase section */
		09899350E81AE2B4E8209BF2 /* [CP] Check Pods Manifest.lock */ = {
			isa = PBXShellScriptBuildPhase;
			buildActionMask = 2147483647;
			files = (
			);
			inputFileListPaths = (
			);
			inputPaths = (
				"${PODS_PODFILE_DIR_PATH}/Podfile.lock",
				"${PODS_ROOT}/Manifest.lock",
			);
			name = "[CP] Check Pods Manifest.lock";
			outputFileListPaths = (
			);
			outputPaths = (
				"$(DERIVED_FILE_DIR)/Pods-WeatherGift-checkManifestLockResult.txt",
			);
			runOnlyForDeploymentPostprocessing = 0;
			shellPath = /bin/sh;
			shellScript = "diff \"${PODS_PODFILE_DIR_PATH}/Podfile.lock\" \"${PODS_ROOT}/Manifest.lock\" > /dev/null\nif [ $? != 0 ] ; then\n    # print error to STDERR\n    echo \"error: The sandbox is not in sync with the Podfile.lock. Run 'pod install' or update your CocoaPods installation.\" >&2\n    exit 1\nfi\n# This output is used by Xcode 'outputs' to avoid re-running this script phase.\necho \"SUCCESS\" > \"${SCRIPT_OUTPUT_FILE_0}\"\n";
			showEnvVarsInLog = 0;
		};
		E7401A7686261A5A387D25F0 /* [CP] Copy Pods Resources */ = {
			isa = PBXShellScriptBuildPhase;
			buildActionMask = 2147483647;
			files = (
			);
			inputFileListPaths = (
				"${PODS_ROOT}/Target Support Files/Pods-WeatherGift/Pods-WeatherGift-resources-${CONFIGURATION}-input-files.xcfilelist",
			);
			name = "[CP] Copy Pods Resources";
			outputFileListPaths = (
				"${PODS_ROOT}/Target Support Files/Pods-WeatherGift/Pods-WeatherGift-resources-${CONFIGURATION}-output-files.xcfilelist",
			);
			runOnlyForDeploymentPostprocessing = 0;
			shellPath = /bin/sh;
			shellScript = "\"${PODS_ROOT}/Target Support Files/Pods-WeatherGift/Pods-WeatherGift-resources.sh\"\n";
			showEnvVarsInLog = 0;
		};
/* End PBXShellScriptBuildPhase section */

/* Begin PBXSourcesBuildPhase section */
		D421B1F52715F61D00290C74 /* Sources */ = {
			isa = PBXSourcesBuildPhase;
			buildActionMask = 2147483647;
			files = (
				D421B2012715F61D00290C74 /* LocationListViewController.swift in Sources */,
				D43EAF3E272645C60030B7F9 /* WeatherDetail.swift in Sources */,
				D4AFCFCA271611B800C476FC /* PageViewController.swift in Sources */,
				D421B22D2715F63500290C74 /* WeatherLocation.swift in Sources */,
				D483DD192715FEE70075AD55 /* APIkeys.swift in Sources */,
				D421B1FD2715F61D00290C74 /* AppDelegate.swift in Sources */,
				D4AFCFC8271604CF00C476FC /* LocationDetailViewController.swift in Sources */,
				D421B1FF2715F61D00290C74 /* SceneDelegate.swift in Sources */,
			);
			runOnlyForDeploymentPostprocessing = 0;
		};
		D421B20B2715F61F00290C74 /* Sources */ = {
			isa = PBXSourcesBuildPhase;
			buildActionMask = 2147483647;
			files = (
				D421B2142715F61F00290C74 /* WeatherGiftTests.swift in Sources */,
			);
			runOnlyForDeploymentPostprocessing = 0;
		};
		D421B2152715F61F00290C74 /* Sources */ = {
			isa = PBXSourcesBuildPhase;
			buildActionMask = 2147483647;
			files = (
				D421B21E2715F61F00290C74 /* WeatherGiftUITests.swift in Sources */,
				D421B2202715F61F00290C74 /* WeatherGiftUITestsLaunchTests.swift in Sources */,
			);
			runOnlyForDeploymentPostprocessing = 0;
		};
/* End PBXSourcesBuildPhase section */

/* Begin PBXTargetDependency section */
		D421B2112715F61F00290C74 /* PBXTargetDependency */ = {
			isa = PBXTargetDependency;
			target = D421B1F82715F61D00290C74 /* WeatherGift */;
			targetProxy = D421B2102715F61F00290C74 /* PBXContainerItemProxy */;
		};
		D421B21B2715F61F00290C74 /* PBXTargetDependency */ = {
			isa = PBXTargetDependency;
			target = D421B1F82715F61D00290C74 /* WeatherGift */;
			targetProxy = D421B21A2715F61F00290C74 /* PBXContainerItemProxy */;
		};
/* End PBXTargetDependency section */

/* Begin PBXVariantGroup section */
		D421B2022715F61D00290C74 /* Main.storyboard */ = {
			isa = PBXVariantGroup;
			children = (
				D421B2032715F61D00290C74 /* Base */,
			);
			name = Main.storyboard;
			sourceTree = "<group>";
		};
		D421B2072715F61E00290C74 /* LaunchScreen.storyboard */ = {
			isa = PBXVariantGroup;
			children = (
				D421B2082715F61E00290C74 /* Base */,
			);
			name = LaunchScreen.storyboard;
			sourceTree = "<group>";
		};
/* End PBXVariantGroup section */

/* Begin XCBuildConfiguration section */
		D421B2212715F61F00290C74 /* Debug */ = {
			isa = XCBuildConfiguration;
			buildSettings = {
				ALWAYS_SEARCH_USER_PATHS = NO;
				CLANG_ANALYZER_NONNULL = YES;
				CLANG_ANALYZER_NUMBER_OBJECT_CONVERSION = YES_AGGRESSIVE;
				CLANG_CXX_LANGUAGE_STANDARD = "gnu++17";
				CLANG_CXX_LIBRARY = "libc++";
				CLANG_ENABLE_MODULES = YES;
				CLANG_ENABLE_OBJC_ARC = YES;
				CLANG_ENABLE_OBJC_WEAK = YES;
				CLANG_WARN_BLOCK_CAPTURE_AUTORELEASING = YES;
				CLANG_WARN_BOOL_CONVERSION = YES;
				CLANG_WARN_COMMA = YES;
				CLANG_WARN_CONSTANT_CONVERSION = YES;
				CLANG_WARN_DEPRECATED_OBJC_IMPLEMENTATIONS = YES;
				CLANG_WARN_DIRECT_OBJC_ISA_USAGE = YES_ERROR;
				CLANG_WARN_DOCUMENTATION_COMMENTS = YES;
				CLANG_WARN_EMPTY_BODY = YES;
				CLANG_WARN_ENUM_CONVERSION = YES;
				CLANG_WARN_INFINITE_RECURSION = YES;
				CLANG_WARN_INT_CONVERSION = YES;
				CLANG_WARN_NON_LITERAL_NULL_CONVERSION = YES;
				CLANG_WARN_OBJC_IMPLICIT_RETAIN_SELF = YES;
				CLANG_WARN_OBJC_LITERAL_CONVERSION = YES;
				CLANG_WARN_OBJC_ROOT_CLASS = YES_ERROR;
				CLANG_WARN_QUOTED_INCLUDE_IN_FRAMEWORK_HEADER = YES;
				CLANG_WARN_RANGE_LOOP_ANALYSIS = YES;
				CLANG_WARN_STRICT_PROTOTYPES = YES;
				CLANG_WARN_SUSPICIOUS_MOVE = YES;
				CLANG_WARN_UNGUARDED_AVAILABILITY = YES_AGGRESSIVE;
				CLANG_WARN_UNREACHABLE_CODE = YES;
				CLANG_WARN__DUPLICATE_METHOD_MATCH = YES;
				COPY_PHASE_STRIP = NO;
				DEBUG_INFORMATION_FORMAT = dwarf;
				ENABLE_STRICT_OBJC_MSGSEND = YES;
				ENABLE_TESTABILITY = YES;
				GCC_C_LANGUAGE_STANDARD = gnu11;
				GCC_DYNAMIC_NO_PIC = NO;
				GCC_NO_COMMON_BLOCKS = YES;
				GCC_OPTIMIZATION_LEVEL = 0;
				GCC_PREPROCESSOR_DEFINITIONS = (
					"DEBUG=1",
					"$(inherited)",
				);
				GCC_WARN_64_TO_32_BIT_CONVERSION = YES;
				GCC_WARN_ABOUT_RETURN_TYPE = YES_ERROR;
				GCC_WARN_UNDECLARED_SELECTOR = YES;
				GCC_WARN_UNINITIALIZED_AUTOS = YES_AGGRESSIVE;
				GCC_WARN_UNUSED_FUNCTION = YES;
				GCC_WARN_UNUSED_VARIABLE = YES;
				IPHONEOS_DEPLOYMENT_TARGET = 15.0;
				MTL_ENABLE_DEBUG_INFO = INCLUDE_SOURCE;
				MTL_FAST_MATH = YES;
				ONLY_ACTIVE_ARCH = YES;
				SDKROOT = iphoneos;
				SWIFT_ACTIVE_COMPILATION_CONDITIONS = DEBUG;
				SWIFT_OPTIMIZATION_LEVEL = "-Onone";
			};
			name = Debug;
		};
		D421B2222715F61F00290C74 /* Release */ = {
			isa = XCBuildConfiguration;
			buildSettings = {
				ALWAYS_SEARCH_USER_PATHS = NO;
				CLANG_ANALYZER_NONNULL = YES;
				CLANG_ANALYZER_NUMBER_OBJECT_CONVERSION = YES_AGGRESSIVE;
				CLANG_CXX_LANGUAGE_STANDARD = "gnu++17";
				CLANG_CXX_LIBRARY = "libc++";
				CLANG_ENABLE_MODULES = YES;
				CLANG_ENABLE_OBJC_ARC = YES;
				CLANG_ENABLE_OBJC_WEAK = YES;
				CLANG_WARN_BLOCK_CAPTURE_AUTORELEASING = YES;
				CLANG_WARN_BOOL_CONVERSION = YES;
				CLANG_WARN_COMMA = YES;
				CLANG_WARN_CONSTANT_CONVERSION = YES;
				CLANG_WARN_DEPRECATED_OBJC_IMPLEMENTATIONS = YES;
				CLANG_WARN_DIRECT_OBJC_ISA_USAGE = YES_ERROR;
				CLANG_WARN_DOCUMENTATION_COMMENTS = YES;
				CLANG_WARN_EMPTY_BODY = YES;
				CLANG_WARN_ENUM_CONVERSION = YES;
				CLANG_WARN_INFINITE_RECURSION = YES;
				CLANG_WARN_INT_CONVERSION = YES;
				CLANG_WARN_NON_LITERAL_NULL_CONVERSION = YES;
				CLANG_WARN_OBJC_IMPLICIT_RETAIN_SELF = YES;
				CLANG_WARN_OBJC_LITERAL_CONVERSION = YES;
				CLANG_WARN_OBJC_ROOT_CLASS = YES_ERROR;
				CLANG_WARN_QUOTED_INCLUDE_IN_FRAMEWORK_HEADER = YES;
				CLANG_WARN_RANGE_LOOP_ANALYSIS = YES;
				CLANG_WARN_STRICT_PROTOTYPES = YES;
				CLANG_WARN_SUSPICIOUS_MOVE = YES;
				CLANG_WARN_UNGUARDED_AVAILABILITY = YES_AGGRESSIVE;
				CLANG_WARN_UNREACHABLE_CODE = YES;
				CLANG_WARN__DUPLICATE_METHOD_MATCH = YES;
				COPY_PHASE_STRIP = NO;
				DEBUG_INFORMATION_FORMAT = "dwarf-with-dsym";
				ENABLE_NS_ASSERTIONS = NO;
				ENABLE_STRICT_OBJC_MSGSEND = YES;
				GCC_C_LANGUAGE_STANDARD = gnu11;
				GCC_NO_COMMON_BLOCKS = YES;
				GCC_WARN_64_TO_32_BIT_CONVERSION = YES;
				GCC_WARN_ABOUT_RETURN_TYPE = YES_ERROR;
				GCC_WARN_UNDECLARED_SELECTOR = YES;
				GCC_WARN_UNINITIALIZED_AUTOS = YES_AGGRESSIVE;
				GCC_WARN_UNUSED_FUNCTION = YES;
				GCC_WARN_UNUSED_VARIABLE = YES;
				IPHONEOS_DEPLOYMENT_TARGET = 15.0;
				MTL_ENABLE_DEBUG_INFO = NO;
				MTL_FAST_MATH = YES;
				SDKROOT = iphoneos;
				SWIFT_COMPILATION_MODE = wholemodule;
				SWIFT_OPTIMIZATION_LEVEL = "-O";
				VALIDATE_PRODUCT = YES;
			};
			name = Release;
		};
		D421B2242715F61F00290C74 /* Debug */ = {
			isa = XCBuildConfiguration;
			baseConfigurationReference = EBDAE69BF1391DFE4B2A860D /* Pods-WeatherGift.debug.xcconfig */;
			buildSettings = {
				ASSETCATALOG_COMPILER_APPICON_NAME = AppIcon;
				ASSETCATALOG_COMPILER_GLOBAL_ACCENT_COLOR_NAME = AccentColor;
				CODE_SIGN_STYLE = Automatic;
				CURRENT_PROJECT_VERSION = 1;
				DEVELOPMENT_TEAM = H994GCMXG7;
				GENERATE_INFOPLIST_FILE = YES;
				INFOPLIST_FILE = WeatherGift/Info.plist;
				INFOPLIST_KEY_UIApplicationSupportsIndirectInputEvents = YES;
				INFOPLIST_KEY_UILaunchStoryboardName = LaunchScreen;
				INFOPLIST_KEY_UIMainStoryboardFile = Main;
				INFOPLIST_KEY_UISupportedInterfaceOrientations_iPad = "UIInterfaceOrientationPortrait UIInterfaceOrientationPortraitUpsideDown UIInterfaceOrientationLandscapeLeft UIInterfaceOrientationLandscapeRight";
				INFOPLIST_KEY_UISupportedInterfaceOrientations_iPhone = "UIInterfaceOrientationPortrait UIInterfaceOrientationLandscapeLeft UIInterfaceOrientationLandscapeRight";
				LD_RUNPATH_SEARCH_PATHS = (
					"$(inherited)",
					"@executable_path/Frameworks",
				);
				MARKETING_VERSION = 1.0;
				PRODUCT_BUNDLE_IDENTIFIER = gage.WeatherGift;
				PRODUCT_NAME = "$(TARGET_NAME)";
				SWIFT_EMIT_LOC_STRINGS = YES;
				SWIFT_VERSION = 5.0;
				TARGETED_DEVICE_FAMILY = "1,2";
			};
			name = Debug;
		};
		D421B2252715F61F00290C74 /* Release */ = {
			isa = XCBuildConfiguration;
			baseConfigurationReference = 78C44CF93707CF4B9FBA59B0 /* Pods-WeatherGift.release.xcconfig */;
			buildSettings = {
				ASSETCATALOG_COMPILER_APPICON_NAME = AppIcon;
				ASSETCATALOG_COMPILER_GLOBAL_ACCENT_COLOR_NAME = AccentColor;
				CODE_SIGN_STYLE = Automatic;
				CURRENT_PROJECT_VERSION = 1;
				DEVELOPMENT_TEAM = H994GCMXG7;
				GENERATE_INFOPLIST_FILE = YES;
				INFOPLIST_FILE = WeatherGift/Info.plist;
				INFOPLIST_KEY_UIApplicationSupportsIndirectInputEvents = YES;
				INFOPLIST_KEY_UILaunchStoryboardName = LaunchScreen;
				INFOPLIST_KEY_UIMainStoryboardFile = Main;
				INFOPLIST_KEY_UISupportedInterfaceOrientations_iPad = "UIInterfaceOrientationPortrait UIInterfaceOrientationPortraitUpsideDown UIInterfaceOrientationLandscapeLeft UIInterfaceOrientationLandscapeRight";
				INFOPLIST_KEY_UISupportedInterfaceOrientations_iPhone = "UIInterfaceOrientationPortrait UIInterfaceOrientationLandscapeLeft UIInterfaceOrientationLandscapeRight";
				LD_RUNPATH_SEARCH_PATHS = (
					"$(inherited)",
					"@executable_path/Frameworks",
				);
				MARKETING_VERSION = 1.0;
				PRODUCT_BUNDLE_IDENTIFIER = gage.WeatherGift;
				PRODUCT_NAME = "$(TARGET_NAME)";
				SWIFT_EMIT_LOC_STRINGS = YES;
				SWIFT_VERSION = 5.0;
				TARGETED_DEVICE_FAMILY = "1,2";
			};
			name = Release;
		};
		D421B2272715F61F00290C74 /* Debug */ = {
			isa = XCBuildConfiguration;
			buildSettings = {
				ALWAYS_EMBED_SWIFT_STANDARD_LIBRARIES = YES;
				BUNDLE_LOADER = "$(TEST_HOST)";
				CODE_SIGN_STYLE = Automatic;
				CURRENT_PROJECT_VERSION = 1;
				DEVELOPMENT_TEAM = H994GCMXG7;
				GENERATE_INFOPLIST_FILE = YES;
				IPHONEOS_DEPLOYMENT_TARGET = 15.0;
				LD_RUNPATH_SEARCH_PATHS = (
					"$(inherited)",
					"@executable_path/Frameworks",
					"@loader_path/Frameworks",
				);
				MARKETING_VERSION = 1.0;
				PRODUCT_BUNDLE_IDENTIFIER = gage.WeatherGiftTests;
				PRODUCT_NAME = "$(TARGET_NAME)";
				SWIFT_EMIT_LOC_STRINGS = NO;
				SWIFT_VERSION = 5.0;
				TARGETED_DEVICE_FAMILY = "1,2";
				TEST_HOST = "$(BUILT_PRODUCTS_DIR)/WeatherGift.app/WeatherGift";
			};
			name = Debug;
		};
		D421B2282715F61F00290C74 /* Release */ = {
			isa = XCBuildConfiguration;
			buildSettings = {
				ALWAYS_EMBED_SWIFT_STANDARD_LIBRARIES = YES;
				BUNDLE_LOADER = "$(TEST_HOST)";
				CODE_SIGN_STYLE = Automatic;
				CURRENT_PROJECT_VERSION = 1;
				DEVELOPMENT_TEAM = H994GCMXG7;
				GENERATE_INFOPLIST_FILE = YES;
				IPHONEOS_DEPLOYMENT_TARGET = 15.0;
				LD_RUNPATH_SEARCH_PATHS = (
					"$(inherited)",
					"@executable_path/Frameworks",
					"@loader_path/Frameworks",
				);
				MARKETING_VERSION = 1.0;
				PRODUCT_BUNDLE_IDENTIFIER = gage.WeatherGiftTests;
				PRODUCT_NAME = "$(TARGET_NAME)";
				SWIFT_EMIT_LOC_STRINGS = NO;
				SWIFT_VERSION = 5.0;
				TARGETED_DEVICE_FAMILY = "1,2";
				TEST_HOST = "$(BUILT_PRODUCTS_DIR)/WeatherGift.app/WeatherGift";
			};
			name = Release;
		};
		D421B22A2715F61F00290C74 /* Debug */ = {
			isa = XCBuildConfiguration;
			buildSettings = {
				ALWAYS_EMBED_SWIFT_STANDARD_LIBRARIES = YES;
				CODE_SIGN_STYLE = Automatic;
				CURRENT_PROJECT_VERSION = 1;
				DEVELOPMENT_TEAM = H994GCMXG7;
				GENERATE_INFOPLIST_FILE = YES;
				LD_RUNPATH_SEARCH_PATHS = (
					"$(inherited)",
					"@executable_path/Frameworks",
					"@loader_path/Frameworks",
				);
				MARKETING_VERSION = 1.0;
				PRODUCT_BUNDLE_IDENTIFIER = gage.WeatherGiftUITests;
				PRODUCT_NAME = "$(TARGET_NAME)";
				SWIFT_EMIT_LOC_STRINGS = NO;
				SWIFT_VERSION = 5.0;
				TARGETED_DEVICE_FAMILY = "1,2";
				TEST_TARGET_NAME = WeatherGift;
			};
			name = Debug;
		};
		D421B22B2715F61F00290C74 /* Release */ = {
			isa = XCBuildConfiguration;
			buildSettings = {
				ALWAYS_EMBED_SWIFT_STANDARD_LIBRARIES = YES;
				CODE_SIGN_STYLE = Automatic;
				CURRENT_PROJECT_VERSION = 1;
				DEVELOPMENT_TEAM = H994GCMXG7;
				GENERATE_INFOPLIST_FILE = YES;
				LD_RUNPATH_SEARCH_PATHS = (
					"$(inherited)",
					"@executable_path/Frameworks",
					"@loader_path/Frameworks",
				);
				MARKETING_VERSION = 1.0;
				PRODUCT_BUNDLE_IDENTIFIER = gage.WeatherGiftUITests;
				PRODUCT_NAME = "$(TARGET_NAME)";
				SWIFT_EMIT_LOC_STRINGS = NO;
				SWIFT_VERSION = 5.0;
				TARGETED_DEVICE_FAMILY = "1,2";
				TEST_TARGET_NAME = WeatherGift;
			};
			name = Release;
		};
/* End XCBuildConfiguration section */

/* Begin XCConfigurationList section */
		D421B1F42715F61D00290C74 /* Build configuration list for PBXProject "WeatherGift" */ = {
			isa = XCConfigurationList;
			buildConfigurations = (
				D421B2212715F61F00290C74 /* Debug */,
				D421B2222715F61F00290C74 /* Release */,
			);
			defaultConfigurationIsVisible = 0;
			defaultConfigurationName = Release;
		};
		D421B2232715F61F00290C74 /* Build configuration list for PBXNativeTarget "WeatherGift" */ = {
			isa = XCConfigurationList;
			buildConfigurations = (
				D421B2242715F61F00290C74 /* Debug */,
				D421B2252715F61F00290C74 /* Release */,
			);
			defaultConfigurationIsVisible = 0;
			defaultConfigurationName = Release;
		};
		D421B2262715F61F00290C74 /* Build configuration list for PBXNativeTarget "WeatherGiftTests" */ = {
			isa = XCConfigurationList;
			buildConfigurations = (
				D421B2272715F61F00290C74 /* Debug */,
				D421B2282715F61F00290C74 /* Release */,
			);
			defaultConfigurationIsVisible = 0;
			defaultConfigurationName = Release;
		};
		D421B2292715F61F00290C74 /* Build configuration list for PBXNativeTarget "WeatherGiftUITests" */ = {
			isa = XCConfigurationList;
			buildConfigurations = (
				D421B22A2715F61F00290C74 /* Debug */,
				D421B22B2715F61F00290C74 /* Release */,
			);
			defaultConfigurationIsVisible = 0;
			defaultConfigurationName = Release;
		};
/* End XCConfigurationList section */
	};
	rootObject = D421B1F12715F61D00290C74 /* Project object */;
}
